
Microsoft Visual Studio Solution File, Format Version 10.00
# Visual Studio 2008
Project("{8BC9CEB8-8B4A-11D0-8D11-00A0C91BC942}") = "hookFsio", "hookFsio\hookFsio.vcproj", "{C1FADBE2-0E56-45BC-8939-5719774C870C}"
EndProject
Project("{8BC9CEB8-8B4A-11D0-8D11-00A0C91BC942}") = "hookFsioDll", "hookFsioDll\hookFsioDll.vcproj", "{03589ADC-6497-428C-82E0-CB096F72E368}"
EndProject
Global
	GlobalSection(SolutionConfigurationPlatforms) = preSolution
		Debug|Win32 = Debug|Win32
		Release|Win32 = Release|Win32
	EndGlobalSection
	GlobalSection(ProjectConfigurationPlatforms) = postSolution
		{C1FADBE2-0E56-45BC-8939-5719774C870C}.Debug|Win32.ActiveCfg = Debug|Win32
		{C1FADBE2-0E56-45BC-8939-5719774C870C}.Debug|Win32.Build.0 = Debug|Win32
		{C1FADBE2-0E56-45BC-8939-5719774C870C}.Release|Win32.ActiveCfg = Release|Win32
		{C1FADBE2-0E56-45BC-8939-5719774C870C}.Release|Win32.Build.0 = Release|Win32
		{03589ADC-6497-428C-82E0-CB096F72E368}.Debug|Win32.ActiveCfg = Debug|Win32
		{03589ADC-6497-428C-82E0-CB096F72E368}.Debug|Win32.Build.0 = Debug|Win32
		{03589ADC-6497-428C-82E0-CB096F72E368}.Release|Win32.ActiveCfg = Release|Win32
		{03589ADC-6497-428C-82E0-CB096F72E368}.Release|Win32.Build.0 = Release|Win32
	EndGlobalSection
	GlobalSection(SolutionProperties) = preSolution
		HideSolutionNode = FALSE
	EndGlobalSection
EndGlobal
